
Microsoft Visual Studio Solution File, Format Version 12.00
# Visual Studio Version 17
VisualStudioVersion = 17.14.36705.20 d17.14
MinimumVisualStudioVersion = 10.0.40219.1
Project("{FAE04EC0-301F-11D3-BF4B-00C04F79EFBC}") = "SampleWebApp", "SampleWebApp\SampleWebApp.csproj", "{54735529-09B5-40B1-89D5-42566D499BAB}"
EndProject
Global
	GlobalSection(SolutionConfigurationPlatforms) = preSolution
		Debug|Any CPU = Debug|Any CPU
		Release|Any CPU = Release|Any CPU
	EndGlobalSection
	GlobalSection(ProjectConfigurationPlatforms) = postSolution
		{54735529-09B5-40B1-89D5-42566D499BAB}.Debug|Any CPU.ActiveCfg = Debug|Any CPU
		{54735529-09B5-40B1-89D5-42566D499BAB}.Debug|Any CPU.Build.0 = Debug|Any CPU
		{54735529-09B5-40B1-89D5-42566D499BAB}.Release|Any CPU.ActiveCfg = Release|Any CPU
		{54735529-09B5-40B1-89D5-42566D499BAB}.Release|Any CPU.Build.0 = Release|Any CPU
	EndGlobalSection
	GlobalSection(SolutionProperties) = preSolution
		HideSolutionNode = FALSE
	EndGlobalSection
	GlobalSection(ExtensibilityGlobals) = postSolution
		SolutionGuid = {00FD4AC1-2BBA-4A4F-841F-DD4FB6E6C8C7}
	EndGlobalSection
EndGlobal
